
Microsoft Visual Studio Solution File, Format Version 12.00
# Visual Studio Version 16
VisualStudioVersion = 16.0.30406.217
MinimumVisualStudioVersion = 10.0.40219.1
Project("{FAE04EC0-301F-11D3-BF4B-00C04F79EFBC}") = "01-ByteBank", "01-ByteBank\01-ByteBank.csproj", "{BDA8C42A-70DA-4C24-8083-23449E048B23}"
EndProject
Project("{FAE04EC0-301F-11D3-BF4B-00C04F79EFBC}") = "02-ByteBank", "02-ByteBank\02-ByteBank.csproj", "{E63B678D-0DA7-4A72-A125-9040CAEE86E6}"
EndProject
Project("{FAE04EC0-301F-11D3-BF4B-00C04F79EFBC}") = "03-ByteBank", "03-ByteBank\03-ByteBank.csproj", "{E138FB6D-C8CF-4285-9409-6844A7287878}"
EndProject
Project("{FAE04EC0-301F-11D3-BF4B-00C04F79EFBC}") = "04-ByteBank", "04-ByteBank\04-ByteBank.csproj", "{427C797C-4CC0-48A9-BEA0-6B1B16502D44}"
EndProject
Project("{FAE04EC0-301F-11D3-BF4B-00C04F79EFBC}") = "05-ByteBank", "05-ByteBank\05-ByteBank.csproj", "{19E8B86A-4971-4B98-A22A-5D512AE3A021}"
EndProject
Project("{FAE04EC0-301F-11D3-BF4B-00C04F79EFBC}") = "06-ByteBank", "06-ByteBank\06-ByteBank.csproj", "{15E9DBB4-9D2E-4079-8B69-FBC61D2BB1CB}"
EndProject
Project("{FAE04EC0-301F-11D3-BF4B-00C04F79EFBC}") = "07-ByteBank", "07-ByteBank\07-ByteBank.csproj", "{C8CCAA21-7E27-4F10-807B-E1C6D690C2FC}"
EndProject
Global
	GlobalSection(SolutionConfigurationPlatforms) = preSolution
		Debug|Any CPU = Debug|Any CPU
		Release|Any CPU = Release|Any CPU
	EndGlobalSection
	GlobalSection(ProjectConfigurationPlatforms) = postSolution
		{BDA8C42A-70DA-4C24-8083-23449E048B23}.Debug|Any CPU.ActiveCfg = Debug|Any CPU
		{BDA8C42A-70DA-4C24-8083-23449E048B23}.Debug|Any CPU.Build.0 = Debug|Any CPU
		{BDA8C42A-70DA-4C24-8083-23449E048B23}.Release|Any CPU.ActiveCfg = Release|Any CPU
		{BDA8C42A-70DA-4C24-8083-23449E048B23}.Release|Any CPU.Build.0 = Release|Any CPU
		{E63B678D-0DA7-4A72-A125-9040CAEE86E6}.Debug|Any CPU.ActiveCfg = Debug|Any CPU
		{E63B678D-0DA7-4A72-A125-9040CAEE86E6}.Debug|Any CPU.Build.0 = Debug|Any CPU
		{E63B678D-0DA7-4A72-A125-9040CAEE86E6}.Release|Any CPU.ActiveCfg = Release|Any CPU
		{E63B678D-0DA7-4A72-A125-9040CAEE86E6}.Release|Any CPU.Build.0 = Release|Any CPU
		{E138FB6D-C8CF-4285-9409-6844A7287878}.Debug|Any CPU.ActiveCfg = Debug|Any CPU
		{E138FB6D-C8CF-4285-9409-6844A7287878}.Debug|Any CPU.Build.0 = Debug|Any CPU
		{E138FB6D-C8CF-4285-9409-6844A7287878}.Release|Any CPU.ActiveCfg = Release|Any CPU
		{E138FB6D-C8CF-4285-9409-6844A7287878}.Release|Any CPU.Build.0 = Release|Any CPU
		{427C797C-4CC0-48A9-BEA0-6B1B16502D44}.Debug|Any CPU.ActiveCfg = Debug|Any CPU
		{427C797C-4CC0-48A9-BEA0-6B1B16502D44}.Debug|Any CPU.Build.0 = Debug|Any CPU
		{427C797C-4CC0-48A9-BEA0-6B1B16502D44}.Release|Any CPU.ActiveCfg = Release|Any CPU
		{427C797C-4CC0-48A9-BEA0-6B1B16502D44}.Release|Any CPU.Build.0 = Release|Any CPU
		{19E8B86A-4971-4B98-A22A-5D512AE3A021}.Debug|Any CPU.ActiveCfg = Debug|Any CPU
		{19E8B86A-4971-4B98-A22A-5D512AE3A021}.Debug|Any CPU.Build.0 = Debug|Any CPU
		{19E8B86A-4971-4B98-A22A-5D512AE3A021}.Release|Any CPU.ActiveCfg = Release|Any CPU
		{19E8B86A-4971-4B98-A22A-5D512AE3A021}.Release|Any CPU.Build.0 = Release|Any CPU
		{15E9DBB4-9D2E-4079-8B69-FBC61D2BB1CB}.Debug|Any CPU.ActiveCfg = Debug|Any CPU
		{15E9DBB4-9D2E-4079-8B69-FBC61D2BB1CB}.Debug|Any CPU.Build.0 = Debug|Any CPU
		{15E9DBB4-9D2E-4079-8B69-FBC61D2BB1CB}.Release|Any CPU.ActiveCfg = Release|Any CPU
		{15E9DBB4-9D2E-4079-8B69-FBC61D2BB1CB}.Release|Any CPU.Build.0 = Release|Any CPU
		{C8CCAA21-7E27-4F10-807B-E1C6D690C2FC}.Debug|Any CPU.ActiveCfg = Debug|Any CPU
		{C8CCAA21-7E27-4F10-807B-E1C6D690C2FC}.Debug|Any CPU.Build.0 = Debug|Any CPU
		{C8CCAA21-7E27-4F10-807B-E1C6D690C2FC}.Release|Any CPU.ActiveCfg = Release|Any CPU
		{C8CCAA21-7E27-4F10-807B-E1C6D690C2FC}.Release|Any CPU.Build.0 = Release|Any CPU
	EndGlobalSection
	GlobalSection(SolutionProperties) = preSolution
		HideSolutionNode = FALSE
	EndGlobalSection
	GlobalSection(ExtensibilityGlobals) = postSolution
		SolutionGuid = {4F9709F1-3CA0-4EF4-B47A-D77755E50AC2}
	EndGlobalSection
EndGlobal
