
Microsoft Visual Studio Solution File, Format Version 12.00
# Visual Studio Version 16
VisualStudioVersion = 16.0.30406.217
MinimumVisualStudioVersion = 10.0.40219.1
Project("{FAE04EC0-301F-11D3-BF4B-00C04F79EFBC}") = "1-PrimeiroProjeto", "1-PrimeiroProjeto\1-PrimeiroProjeto.csproj", "{689CCFA9-AFD7-4422-B5C1-28724C8E636D}"
EndProject
Project("{FAE04EC0-301F-11D3-BF4B-00C04F79EFBC}") = "2-CriandoVariaveis", "2-CriandoVariaveis\2-CriandoVariaveis.csproj", "{ABDF210B-C392-43D9-957A-128CE1410918}"
EndProject
Project("{FAE04EC0-301F-11D3-BF4B-00C04F79EFBC}") = "3-CriandoVariaveisPontoFlutuante", "3-CriandoVariaveisPontoFlutuante\3-CriandoVariaveisPontoFlutuante.csproj", "{9F08C9B1-79E7-400D-8106-0065AB0DCFA6}"
EndProject
Project("{FAE04EC0-301F-11D3-BF4B-00C04F79EFBC}") = "4-ConversoesEOutrosTiposNumericos", "4-ConversoesEOutrosTiposNumericos\4-ConversoesEOutrosTiposNumericos.csproj", "{648C4B3C-1934-45E8-A2BC-6D6192301187}"
EndProject
Project("{FAE04EC0-301F-11D3-BF4B-00C04F79EFBC}") = "5-CaractereETextos", "5-CaractereETextos\5-CaractereETextos.csproj", "{146BC0A8-CB26-4B56-BB49-816B6A3E49BA}"
EndProject
Project("{FAE04EC0-301F-11D3-BF4B-00C04F79EFBC}") = "6-AtribuicoesDeVariaveis", "6-AtribuicoesDeVariaveis\6-AtribuicoesDeVariaveis.csproj", "{D3A77AB4-6870-4F29-8576-A3113D7DD4DD}"
EndProject
Project("{FAE04EC0-301F-11D3-BF4B-00C04F79EFBC}") = "7-Condicionais", "7-Condicionais\7-Condicionais.csproj", "{4BFFA9DA-A912-40DC-8EFD-E8934840F916}"
EndProject
Project("{FAE04EC0-301F-11D3-BF4B-00C04F79EFBC}") = "8-Condicionais2", "8-Condicionais2\8-Condicionais2.csproj", "{E5ECE505-9CB0-445C-BCB8-37F3D60CD85A}"
EndProject
Project("{FAE04EC0-301F-11D3-BF4B-00C04F79EFBC}") = "9-Escopo", "9-Escopo\9-Escopo.csproj", "{D9A9849E-618E-41B8-996B-66832F2259B8}"
EndProject
Project("{FAE04EC0-301F-11D3-BF4B-00C04F79EFBC}") = "P10-CalculaPoupanca", "10-CalculaPoupanca\P10-CalculaPoupanca.csproj", "{5899896C-9A27-4338-A388-34E404421647}"
EndProject
Project("{FAE04EC0-301F-11D3-BF4B-00C04F79EFBC}") = "Calculando Fibonacci", "Calculando Fibonacci\Calculando Fibonacci.csproj", "{4ADCFBFF-D41D-4E84-BD28-47427BF40179}"
EndProject
Project("{FAE04EC0-301F-11D3-BF4B-00C04F79EFBC}") = "P11-CalculaPoucanca2", "P11-CalculaPoucanca2\P11-CalculaPoucanca2.csproj", "{C2A24DE5-2BC2-447F-B89E-F4C54C0D4A96}"
EndProject
Project("{FAE04EC0-301F-11D3-BF4B-00C04F79EFBC}") = "P12-CalculaInvestimentoLongoPrazo", "P12-CalculaInvestimentoLongoPrazo\P12-CalculaInvestimentoLongoPrazo.csproj", "{3EA32D73-22EC-499E-A151-275831491319}"
EndProject
Project("{FAE04EC0-301F-11D3-BF4B-00C04F79EFBC}") = "P13-ForEncadeado", "P13-ForEncadeado\P13-ForEncadeado.csproj", "{20A3DA5F-2B7D-4A43-A85C-9ABFE943A5A4}"
EndProject
Project("{FAE04EC0-301F-11D3-BF4B-00C04F79EFBC}") = "ImparPar", "ImparPar\ImparPar.csproj", "{AD980BE4-8422-48A6-88AE-A17B216B46E1}"
EndProject
Project("{FAE04EC0-301F-11D3-BF4B-00C04F79EFBC}") = "Fatorial", "Fatorial\Fatorial.csproj", "{85217C13-8551-4A45-B931-2E2ACDB6AC66}"
EndProject
Global
	GlobalSection(SolutionConfigurationPlatforms) = preSolution
		Debug|Any CPU = Debug|Any CPU
		Release|Any CPU = Release|Any CPU
	EndGlobalSection
	GlobalSection(ProjectConfigurationPlatforms) = postSolution
		{689CCFA9-AFD7-4422-B5C1-28724C8E636D}.Debug|Any CPU.ActiveCfg = Debug|Any CPU
		{689CCFA9-AFD7-4422-B5C1-28724C8E636D}.Debug|Any CPU.Build.0 = Debug|Any CPU
		{689CCFA9-AFD7-4422-B5C1-28724C8E636D}.Release|Any CPU.ActiveCfg = Release|Any CPU
		{689CCFA9-AFD7-4422-B5C1-28724C8E636D}.Release|Any CPU.Build.0 = Release|Any CPU
		{ABDF210B-C392-43D9-957A-128CE1410918}.Debug|Any CPU.ActiveCfg = Debug|Any CPU
		{ABDF210B-C392-43D9-957A-128CE1410918}.Debug|Any CPU.Build.0 = Debug|Any CPU
		{ABDF210B-C392-43D9-957A-128CE1410918}.Release|Any CPU.ActiveCfg = Release|Any CPU
		{ABDF210B-C392-43D9-957A-128CE1410918}.Release|Any CPU.Build.0 = Release|Any CPU
		{9F08C9B1-79E7-400D-8106-0065AB0DCFA6}.Debug|Any CPU.ActiveCfg = Debug|Any CPU
		{9F08C9B1-79E7-400D-8106-0065AB0DCFA6}.Debug|Any CPU.Build.0 = Debug|Any CPU
		{9F08C9B1-79E7-400D-8106-0065AB0DCFA6}.Release|Any CPU.ActiveCfg = Release|Any CPU
		{9F08C9B1-79E7-400D-8106-0065AB0DCFA6}.Release|Any CPU.Build.0 = Release|Any CPU
		{648C4B3C-1934-45E8-A2BC-6D6192301187}.Debug|Any CPU.ActiveCfg = Debug|Any CPU
		{648C4B3C-1934-45E8-A2BC-6D6192301187}.Debug|Any CPU.Build.0 = Debug|Any CPU
		{648C4B3C-1934-45E8-A2BC-6D6192301187}.Release|Any CPU.ActiveCfg = Release|Any CPU
		{648C4B3C-1934-45E8-A2BC-6D6192301187}.Release|Any CPU.Build.0 = Release|Any CPU
		{146BC0A8-CB26-4B56-BB49-816B6A3E49BA}.Debug|Any CPU.ActiveCfg = Debug|Any CPU
		{146BC0A8-CB26-4B56-BB49-816B6A3E49BA}.Debug|Any CPU.Build.0 = Debug|Any CPU
		{146BC0A8-CB26-4B56-BB49-816B6A3E49BA}.Release|Any CPU.ActiveCfg = Release|Any CPU
		{146BC0A8-CB26-4B56-BB49-816B6A3E49BA}.Release|Any CPU.Build.0 = Release|Any CPU
		{D3A77AB4-6870-4F29-8576-A3113D7DD4DD}.Debug|Any CPU.ActiveCfg = Debug|Any CPU
		{D3A77AB4-6870-4F29-8576-A3113D7DD4DD}.Debug|Any CPU.Build.0 = Debug|Any CPU
		{D3A77AB4-6870-4F29-8576-A3113D7DD4DD}.Release|Any CPU.ActiveCfg = Release|Any CPU
		{D3A77AB4-6870-4F29-8576-A3113D7DD4DD}.Release|Any CPU.Build.0 = Release|Any CPU
		{4BFFA9DA-A912-40DC-8EFD-E8934840F916}.Debug|Any CPU.ActiveCfg = Debug|Any CPU
		{4BFFA9DA-A912-40DC-8EFD-E8934840F916}.Debug|Any CPU.Build.0 = Debug|Any CPU
		{4BFFA9DA-A912-40DC-8EFD-E8934840F916}.Release|Any CPU.ActiveCfg = Release|Any CPU
		{4BFFA9DA-A912-40DC-8EFD-E8934840F916}.Release|Any CPU.Build.0 = Release|Any CPU
		{E5ECE505-9CB0-445C-BCB8-37F3D60CD85A}.Debug|Any CPU.ActiveCfg = Debug|Any CPU
		{E5ECE505-9CB0-445C-BCB8-37F3D60CD85A}.Debug|Any CPU.Build.0 = Debug|Any CPU
		{E5ECE505-9CB0-445C-BCB8-37F3D60CD85A}.Release|Any CPU.ActiveCfg = Release|Any CPU
		{E5ECE505-9CB0-445C-BCB8-37F3D60CD85A}.Release|Any CPU.Build.0 = Release|Any CPU
		{D9A9849E-618E-41B8-996B-66832F2259B8}.Debug|Any CPU.ActiveCfg = Debug|Any CPU
		{D9A9849E-618E-41B8-996B-66832F2259B8}.Debug|Any CPU.Build.0 = Debug|Any CPU
		{D9A9849E-618E-41B8-996B-66832F2259B8}.Release|Any CPU.ActiveCfg = Release|Any CPU
		{D9A9849E-618E-41B8-996B-66832F2259B8}.Release|Any CPU.Build.0 = Release|Any CPU
		{5899896C-9A27-4338-A388-34E404421647}.Debug|Any CPU.ActiveCfg = Debug|Any CPU
		{5899896C-9A27-4338-A388-34E404421647}.Debug|Any CPU.Build.0 = Debug|Any CPU
		{5899896C-9A27-4338-A388-34E404421647}.Release|Any CPU.ActiveCfg = Release|Any CPU
		{5899896C-9A27-4338-A388-34E404421647}.Release|Any CPU.Build.0 = Release|Any CPU
		{4ADCFBFF-D41D-4E84-BD28-47427BF40179}.Debug|Any CPU.ActiveCfg = Debug|Any CPU
		{4ADCFBFF-D41D-4E84-BD28-47427BF40179}.Debug|Any CPU.Build.0 = Debug|Any CPU
		{4ADCFBFF-D41D-4E84-BD28-47427BF40179}.Release|Any CPU.ActiveCfg = Release|Any CPU
		{4ADCFBFF-D41D-4E84-BD28-47427BF40179}.Release|Any CPU.Build.0 = Release|Any CPU
		{C2A24DE5-2BC2-447F-B89E-F4C54C0D4A96}.Debug|Any CPU.ActiveCfg = Debug|Any CPU
		{C2A24DE5-2BC2-447F-B89E-F4C54C0D4A96}.Debug|Any CPU.Build.0 = Debug|Any CPU
		{C2A24DE5-2BC2-447F-B89E-F4C54C0D4A96}.Release|Any CPU.ActiveCfg = Release|Any CPU
		{C2A24DE5-2BC2-447F-B89E-F4C54C0D4A96}.Release|Any CPU.Build.0 = Release|Any CPU
		{3EA32D73-22EC-499E-A151-275831491319}.Debug|Any CPU.ActiveCfg = Debug|Any CPU
		{3EA32D73-22EC-499E-A151-275831491319}.Debug|Any CPU.Build.0 = Debug|Any CPU
		{3EA32D73-22EC-499E-A151-275831491319}.Release|Any CPU.ActiveCfg = Release|Any CPU
		{3EA32D73-22EC-499E-A151-275831491319}.Release|Any CPU.Build.0 = Release|Any CPU
		{20A3DA5F-2B7D-4A43-A85C-9ABFE943A5A4}.Debug|Any CPU.ActiveCfg = Debug|Any CPU
		{20A3DA5F-2B7D-4A43-A85C-9ABFE943A5A4}.Debug|Any CPU.Build.0 = Debug|Any CPU
		{20A3DA5F-2B7D-4A43-A85C-9ABFE943A5A4}.Release|Any CPU.ActiveCfg = Release|Any CPU
		{20A3DA5F-2B7D-4A43-A85C-9ABFE943A5A4}.Release|Any CPU.Build.0 = Release|Any CPU
		{AD980BE4-8422-48A6-88AE-A17B216B46E1}.Debug|Any CPU.ActiveCfg = Debug|Any CPU
		{AD980BE4-8422-48A6-88AE-A17B216B46E1}.Debug|Any CPU.Build.0 = Debug|Any CPU
		{AD980BE4-8422-48A6-88AE-A17B216B46E1}.Release|Any CPU.ActiveCfg = Release|Any CPU
		{AD980BE4-8422-48A6-88AE-A17B216B46E1}.Release|Any CPU.Build.0 = Release|Any CPU
		{85217C13-8551-4A45-B931-2E2ACDB6AC66}.Debug|Any CPU.ActiveCfg = Debug|Any CPU
		{85217C13-8551-4A45-B931-2E2ACDB6AC66}.Debug|Any CPU.Build.0 = Debug|Any CPU
		{85217C13-8551-4A45-B931-2E2ACDB6AC66}.Release|Any CPU.ActiveCfg = Release|Any CPU
		{85217C13-8551-4A45-B931-2E2ACDB6AC66}.Release|Any CPU.Build.0 = Release|Any CPU
	EndGlobalSection
	GlobalSection(SolutionProperties) = preSolution
		HideSolutionNode = FALSE
	EndGlobalSection
	GlobalSection(ExtensibilityGlobals) = postSolution
		SolutionGuid = {496833F5-C82A-4469-B546-FFDDF1ED1CBC}
	EndGlobalSection
EndGlobal
